
Microsoft Visual Studio Solution File, Format Version 12.00
# Visual Studio Version 17
VisualStudioVersion = 17.6.33723.286
MinimumVisualStudioVersion = 10.0.40219.1
Project("{FAE04EC0-301F-11D3-BF4B-00C04F79EFBC}") = "ProjectRestaurantMS", "ProjectRestaurantMS.csproj", "{EDBEDBAF-2F7C-4D4E-A574-1C765F57A4C3}"
EndProject
Global
	GlobalSection(SolutionConfigurationPlatforms) = preSolution
		Debug|Any CPU = Debug|Any CPU
		Release|Any CPU = Release|Any CPU
	EndGlobalSection
	GlobalSection(ProjectConfigurationPlatforms) = postSolution
		{EDBEDBAF-2F7C-4D4E-A574-1C765F57A4C3}.Debug|Any CPU.ActiveCfg = Debug|Any CPU
		{EDBEDBAF-2F7C-4D4E-A574-1C765F57A4C3}.Debug|Any CPU.Build.0 = Debug|Any CPU
		{EDBEDBAF-2F7C-4D4E-A574-1C765F57A4C3}.Release|Any CPU.ActiveCfg = Release|Any CPU
		{EDBEDBAF-2F7C-4D4E-A574-1C765F57A4C3}.Release|Any CPU.Build.0 = Release|Any CPU
	EndGlobalSection
	GlobalSection(SolutionProperties) = preSolution
		HideSolutionNode = FALSE
	EndGlobalSection
	GlobalSection(ExtensibilityGlobals) = postSolution
		SolutionGuid = {942C9A27-33F8-46A9-9FC1-4EB93AB55E24}
	EndGlobalSection
EndGlobal
